
Microsoft Visual Studio Solution File, Format Version 12.00
# Visual Studio Version 17
VisualStudioVersion = 17.6.33815.320
MinimumVisualStudioVersion = 10.0.40219.1
Project("{FAE04EC0-301F-11D3-BF4B-00C04F79EFBC}") = "GiantSurfaceScanAndRepairSystem", "GiantSurfaceScanAndRepairSystem\GiantSurfaceScanAndRepairSystem.csproj", "{B4FE42FC-7875-4199-BA6A-AAC37A7A549D}"
EndProject
Project("{FAE04EC0-301F-11D3-BF4B-00C04F79EFBC}") = "libCommon", "libCommon\libCommon.csproj", "{00B49B3A-406C-4FF0-BC6D-DA911CB21BB8}"
EndProject
Global
	GlobalSection(SolutionConfigurationPlatforms) = preSolution
		Debug|Any CPU = Debug|Any CPU
		Release|Any CPU = Release|Any CPU
	EndGlobalSection
	GlobalSection(ProjectConfigurationPlatforms) = postSolution
		{B4FE42FC-7875-4199-BA6A-AAC37A7A549D}.Debug|Any CPU.ActiveCfg = Debug|Any CPU
		{B4FE42FC-7875-4199-BA6A-AAC37A7A549D}.Debug|Any CPU.Build.0 = Debug|Any CPU
		{B4FE42FC-7875-4199-BA6A-AAC37A7A549D}.Release|Any CPU.ActiveCfg = Release|Any CPU
		{B4FE42FC-7875-4199-BA6A-AAC37A7A549D}.Release|Any CPU.Build.0 = Release|Any CPU
		{00B49B3A-406C-4FF0-BC6D-DA911CB21BB8}.Debug|Any CPU.ActiveCfg = Debug|Any CPU
		{00B49B3A-406C-4FF0-BC6D-DA911CB21BB8}.Debug|Any CPU.Build.0 = Debug|Any CPU
		{00B49B3A-406C-4FF0-BC6D-DA911CB21BB8}.Release|Any CPU.ActiveCfg = Release|Any CPU
		{00B49B3A-406C-4FF0-BC6D-DA911CB21BB8}.Release|Any CPU.Build.0 = Release|Any CPU
	EndGlobalSection
	GlobalSection(SolutionProperties) = preSolution
		HideSolutionNode = FALSE
	EndGlobalSection
	GlobalSection(ExtensibilityGlobals) = postSolution
		SolutionGuid = {70BEB0D8-FEB3-4D6A-B988-FACAD527DEC3}
	EndGlobalSection
EndGlobal
